
Microsoft Visual Studio Solution File, Format Version 12.00
# Visual Studio 15
Project("{FAE04EC0-301F-11D3-BF4B-00C04F79EFBC}") = "Mediapipe.Tests.EditMode", "Mediapipe.Tests.EditMode.csproj", "{30C0565A-28E7-831C-71EF-392570D272B3}"
EndProject
Project("{FAE04EC0-301F-11D3-BF4B-00C04F79EFBC}") = "Mediapipe.Runtime", "Mediapipe.Runtime.csproj", "{D730507B-1B76-9940-813A-5B65722427AF}"
EndProject
Project("{FAE04EC0-301F-11D3-BF4B-00C04F79EFBC}") = "Assembly-CSharp", "Assembly-CSharp.csproj", "{785FA72B-4510-BC25-9EA5-8EB066F4FC77}"
EndProject
Global
	GlobalSection(SolutionConfigurationPlatforms) = preSolution
		Debug|Any CPU = Debug|Any CPU
		Release|Any CPU = Release|Any CPU
	EndGlobalSection
	GlobalSection(ProjectConfigurationPlatforms) = postSolution
		{30C0565A-28E7-831C-71EF-392570D272B3}.Debug|Any CPU.ActiveCfg = Debug|Any CPU
		{30C0565A-28E7-831C-71EF-392570D272B3}.Debug|Any CPU.Build.0 = Debug|Any CPU
		{30C0565A-28E7-831C-71EF-392570D272B3}.Release|Any CPU.ActiveCfg = Release|Any CPU
		{30C0565A-28E7-831C-71EF-392570D272B3}.Release|Any CPU.Build.0 = Release|Any CPU
		{D730507B-1B76-9940-813A-5B65722427AF}.Debug|Any CPU.ActiveCfg = Debug|Any CPU
		{D730507B-1B76-9940-813A-5B65722427AF}.Debug|Any CPU.Build.0 = Debug|Any CPU
		{D730507B-1B76-9940-813A-5B65722427AF}.Release|Any CPU.ActiveCfg = Release|Any CPU
		{D730507B-1B76-9940-813A-5B65722427AF}.Release|Any CPU.Build.0 = Release|Any CPU
		{785FA72B-4510-BC25-9EA5-8EB066F4FC77}.Debug|Any CPU.ActiveCfg = Debug|Any CPU
		{785FA72B-4510-BC25-9EA5-8EB066F4FC77}.Debug|Any CPU.Build.0 = Debug|Any CPU
		{785FA72B-4510-BC25-9EA5-8EB066F4FC77}.Release|Any CPU.ActiveCfg = Release|Any CPU
		{785FA72B-4510-BC25-9EA5-8EB066F4FC77}.Release|Any CPU.Build.0 = Release|Any CPU
	EndGlobalSection
	GlobalSection(SolutionProperties) = preSolution
		HideSolutionNode = FALSE
	EndGlobalSection
EndGlobal
